lockfileVersion: '9.0'

settings:
  autoInstallPeers: true
  excludeLinksFromLockfile: false

importers:

  .:
    dependencies:
      '@apollo/client':
        specifier: ^4.0.9
        version: 4.0.9(graphql@16.12.0)(react@19.2.1)(rxjs@7.8.2)
      cross-fetch:
        specifier: ^4.1.0
        version: 4.1.0
      graphql:
        specifier: ^16.12.0
        version: 16.12.0
      react:
        specifier: ^19.2.1
        version: 19.2.1

packages:

  '@apollo/client@4.0.9':
    resolution: {integrity: sha512-Lh2drMzFE9x5jVS8RKmlGL5SORkvpyUJIT+wTErxDUR2HpWePiBfhhcHHRSlZFiCR866ewCv4euTc4IDF0GWxw==}
    peerDependencies:
      graphql: ^16.0.0
      graphql-ws: ^5.5.5 || ^6.0.3
      react: ^17.0.0 || ^18.0.0 || >=19.0.0-rc
      react-dom: ^17.0.0 || ^18.0.0 || >=19.0.0-rc
      rxjs: ^7.3.0
      subscriptions-transport-ws: ^0.9.0 || ^0.11.0
    peerDependenciesMeta:
      graphql-ws:
        optional: true
      react:
        optional: true
      react-dom:
        optional: true
      subscriptions-transport-ws:
        optional: true

  '@graphql-typed-document-node/core@3.2.0':
    resolution: {integrity: sha512-mB9oAsNCm9aM3/SOv4YtBMqZbYj10R7dkq8byBqxGY/ncFwhf2oQzMV+LCRlWoDSEBJ3COiR1yeDvMtsoOsuFQ==}
    peerDependencies:
      graphql: ^0.8.0 || ^0.9.0 || ^0.10.0 || ^0.11.0 || ^0.12.0 || ^0.13.0 || ^14.0.0 || ^15.0.0 || ^16.0.0 || ^17.0.0

  '@wry/caches@1.0.1':
    resolution: {integrity: sha512-bXuaUNLVVkD20wcGBWRyo7j9N3TxePEWFZj2Y+r9OoUzfqmavM84+mFykRicNsBqatba5JLay1t48wxaXaWnlA==}
    engines: {node: '>=8'}

  '@wry/context@0.7.4':
    resolution: {integrity: sha512-jmT7Sb4ZQWI5iyu3lobQxICu2nC/vbUhP0vIdd6tHC9PTfenmRmuIFqktc6GH9cgi+ZHnsLWPvfSvc4DrYmKiQ==}
    engines: {node: '>=8'}

  '@wry/equality@0.5.7':
    resolution: {integrity: sha512-BRFORjsTuQv5gxcXsuDXx6oGRhuVsEGwZy6LOzRRfgu+eSfxbhUQ9L9YtSEIuIjY/o7g3iWFjrc5eSY1GXP2Dw==}
    engines: {node: '>=8'}

  '@wry/trie@0.5.0':
    resolution: {integrity: sha512-FNoYzHawTMk/6KMQoEG5O4PuioX19UbwdQKF44yw0nLfOypfQdjtfZzo/UIJWAJ23sNIFbD1Ug9lbaDGMwbqQA==}
    engines: {node: '>=8'}

  cross-fetch@4.1.0:
    resolution: {integrity: sha512-uKm5PU+MHTootlWEY+mZ4vvXoCn4fLQxT9dSc1sXVMSFkINTJVN8cAQROpwcKm8bJ/c7rgZVIBWzH5T78sNZZw==}

  graphql-tag@2.12.6:
    resolution: {integrity: sha512-FdSNcu2QQcWnM2VNvSCCDCVS5PpPqpzgFT8+GXzqJuoDd0CBncxCY278u4mhRO7tMgo2JjgJA5aZ+nWSQ/Z+xg==}
    engines: {node: '>=10'}
    peerDependencies:
      graphql: ^0.9.0 || ^0.10.0 || ^0.11.0 || ^0.12.0 || ^0.13.0 || ^14.0.0 || ^15.0.0 || ^16.0.0

  graphql@16.12.0:
    resolution: {integrity: sha512-DKKrynuQRne0PNpEbzuEdHlYOMksHSUI8Zc9Unei5gTsMNA2/vMpoMz/yKba50pejK56qj98qM0SjYxAKi13gQ==}
    engines: {node: ^12.22.0 || ^14.16.0 || ^16.0.0 || >=17.0.0}

  node-fetch@2.7.0:
    resolution: {integrity: sha512-c4FRfUm/dbcWZ7U+1Wq0AwCyFL+3nt2bEw05wfxSz+DWpWsitgmSgYmy2dQdWyKC1694ELPqMs/YzUSNozLt8A==}
    engines: {node: 4.x || >=6.0.0}
    peerDependencies:
      encoding: ^0.1.0
    peerDependenciesMeta:
      encoding:
        optional: true

  optimism@0.18.1:
    resolution: {integrity: sha512-mLXNwWPa9dgFyDqkNi54sjDyNJ9/fTI6WGBLgnXku1vdKY/jovHfZT5r+aiVeFFLOz+foPNOm5YJ4mqgld2GBQ==}

  react@19.2.1:
    resolution: {integrity: sha512-DGrYcCWK7tvYMnWh79yrPHt+vdx9tY+1gPZa7nJQtO/p8bLTDaHp4dzwEhQB7pZ4Xe3ok4XKuEPrVuc+wlpkmw==}
    engines: {node: '>=0.10.0'}

  rxjs@7.8.2:
    resolution: {integrity: sha512-dhKf903U/PQZY6boNNtAGdWbG85WAbjT/1xYoZIC7FAY0yWapOBQVsVrDl58W86//e1VpMNBtRV4MaXfdMySFA==}

  tr46@0.0.3:
    resolution: {integrity: sha512-N3WMsuqV66lT30CrXNbEjx4GEwlow3v6rr4mCcv6prnfwhS01rkgyFdjPNBYd9br7LpXV1+Emh01fHnq2Gdgrw==}

  tslib@2.8.1:
    resolution: {integrity: sha512-oJFu94HQb+KVduSUQL7wnpmqnfmLsOA/nAh6b6EH0wCEoK0/mPeXU6c3wKDV83MkOuHPRHtSXKKU99IBazS/2w==}

  webidl-conversions@3.0.1:
    resolution: {integrity: sha512-2JAn3z8AR6rjK8Sm8orRC0h/bcl/DqL7tRPdGZ4I1CjdF+EaMLmYxBHyXuKL849eucPFhvBoxMsflfOb8kxaeQ==}

  whatwg-url@5.0.0:
    resolution: {integrity: sha512-saE57nupxk6v3HY35+jzBwYa0rKSy0XR8JSxZPwgLr7ys0IBzhGviA1/TUGJLmSVqs8pb9AnvICXEuOHLprYTw==}

snapshots:

  '@apollo/client@4.0.9(graphql@16.12.0)(react@19.2.1)(rxjs@7.8.2)':
    dependencies:
      '@graphql-typed-document-node/core': 3.2.0(graphql@16.12.0)
      '@wry/caches': 1.0.1
      '@wry/equality': 0.5.7
      '@wry/trie': 0.5.0
      graphql: 16.12.0
      graphql-tag: 2.12.6(graphql@16.12.0)
      optimism: 0.18.1
      rxjs: 7.8.2
      tslib: 2.8.1
    optionalDependencies:
      react: 19.2.1

  '@graphql-typed-document-node/core@3.2.0(graphql@16.12.0)':
    dependencies:
      graphql: 16.12.0

  '@wry/caches@1.0.1':
    dependencies:
      tslib: 2.8.1

  '@wry/context@0.7.4':
    dependencies:
      tslib: 2.8.1

  '@wry/equality@0.5.7':
    dependencies:
      tslib: 2.8.1

  '@wry/trie@0.5.0':
    dependencies:
      tslib: 2.8.1

  cross-fetch@4.1.0:
    dependencies:
      node-fetch: 2.7.0
    transitivePeerDependencies:
      - encoding

  graphql-tag@2.12.6(graphql@16.12.0):
    dependencies:
      graphql: 16.12.0
      tslib: 2.8.1

  graphql@16.12.0: {}

  node-fetch@2.7.0:
    dependencies:
      whatwg-url: 5.0.0

  optimism@0.18.1:
    dependencies:
      '@wry/caches': 1.0.1
      '@wry/context': 0.7.4
      '@wry/trie': 0.5.0
      tslib: 2.8.1

  react@19.2.1: {}

  rxjs@7.8.2:
    dependencies:
      tslib: 2.8.1

  tr46@0.0.3: {}

  tslib@2.8.1: {}

  webidl-conversions@3.0.1: {}

  whatwg-url@5.0.0:
    dependencies:
      tr46: 0.0.3
      webidl-conversions: 3.0.1
